
Microsoft Visual Studio Solution File, Format Version 12.00
# Visual Studio 15
VisualStudioVersion = 15.0.27130.2036
MinimumVisualStudioVersion = 10.0.40219.1
Project("{FAE04EC0-301F-11D3-BF4B-00C04F79EFBC}") = "AdoptsSelfHost", "AdoptsSelfHost\AdoptsSelfHost.csproj", "{8D1A9683-1244-4AF3-842F-A8E16DD661F5}"
EndProject
Global
	GlobalSection(SolutionConfigurationPlatforms) = preSolution
		Debug|Any CPU = Debug|Any CPU
		Release|Any CPU = Release|Any CPU
	EndGlobalSection
	GlobalSection(ProjectConfigurationPlatforms) = postSolution
		{8D1A9683-1244-4AF3-842F-A8E16DD661F5}.Debug|Any CPU.ActiveCfg = Debug|Any CPU
		{8D1A9683-1244-4AF3-842F-A8E16DD661F5}.Debug|Any CPU.Build.0 = Debug|Any CPU
		{8D1A9683-1244-4AF3-842F-A8E16DD661F5}.Release|Any CPU.ActiveCfg = Release|Any CPU
		{8D1A9683-1244-4AF3-842F-A8E16DD661F5}.Release|Any CPU.Build.0 = Release|Any CPU
	EndGlobalSection
	GlobalSection(SolutionProperties) = preSolution
		HideSolutionNode = FALSE
	EndGlobalSection
	GlobalSection(ExtensibilityGlobals) = postSolution
		SolutionGuid = {B300477F-A162-4F7A-8739-D9794254E397}
	EndGlobalSection
EndGlobal
